
Microsoft Visual Studio Solution File, Format Version 12.00
# Visual Studio Version 17
VisualStudioVersion = 17.11.35327.3
MinimumVisualStudioVersion = 10.0.40219.1
Project("{8BC9CEB8-8B4A-11D0-8D11-00A0C91BC942}") = "Server", "Server\Server.vcxproj", "{78285EBD-93FA-46D2-8B23-61C268F48FFA}"
EndProject
Project("{8BC9CEB8-8B4A-11D0-8D11-00A0C91BC942}") = "Client", "Client\Client.vcxproj", "{F4F85E32-3165-4D56-A56F-AA00972834B9}"
EndProject
Project("{8BC9CEB8-8B4A-11D0-8D11-00A0C91BC942}") = "threading", "threading\threading.vcxproj", "{706AA0FF-34F0-48DA-BE7B-684BA9E675B7}"
EndProject
Global
	GlobalSection(SolutionConfigurationPlatforms) = preSolution
		Debug|x64 = Debug|x64
		Debug|x86 = Debug|x86
		Release|x64 = Release|x64
		Release|x86 = Release|x86
	EndGlobalSection
	GlobalSection(ProjectConfigurationPlatforms) = postSolution
		{78285EBD-93FA-46D2-8B23-61C268F48FFA}.Debug|x64.ActiveCfg = Debug|x64
		{78285EBD-93FA-46D2-8B23-61C268F48FFA}.Debug|x64.Build.0 = Debug|x64
		{78285EBD-93FA-46D2-8B23-61C268F48FFA}.Debug|x86.ActiveCfg = Debug|Win32
		{78285EBD-93FA-46D2-8B23-61C268F48FFA}.Debug|x86.Build.0 = Debug|Win32
		{78285EBD-93FA-46D2-8B23-61C268F48FFA}.Release|x64.ActiveCfg = Release|x64
		{78285EBD-93FA-46D2-8B23-61C268F48FFA}.Release|x64.Build.0 = Release|x64
		{78285EBD-93FA-46D2-8B23-61C268F48FFA}.Release|x86.ActiveCfg = Release|Win32
		{78285EBD-93FA-46D2-8B23-61C268F48FFA}.Release|x86.Build.0 = Release|Win32
		{F4F85E32-3165-4D56-A56F-AA00972834B9}.Debug|x64.ActiveCfg = Debug|x64
		{F4F85E32-3165-4D56-A56F-AA00972834B9}.Debug|x64.Build.0 = Debug|x64
		{F4F85E32-3165-4D56-A56F-AA00972834B9}.Debug|x86.ActiveCfg = Debug|Win32
		{F4F85E32-3165-4D56-A56F-AA00972834B9}.Debug|x86.Build.0 = Debug|Win32
		{F4F85E32-3165-4D56-A56F-AA00972834B9}.Release|x64.ActiveCfg = Release|x64
		{F4F85E32-3165-4D56-A56F-AA00972834B9}.Release|x64.Build.0 = Release|x64
		{F4F85E32-3165-4D56-A56F-AA00972834B9}.Release|x86.ActiveCfg = Release|Win32
		{F4F85E32-3165-4D56-A56F-AA00972834B9}.Release|x86.Build.0 = Release|Win32
		{706AA0FF-34F0-48DA-BE7B-684BA9E675B7}.Debug|x64.ActiveCfg = Debug|x64
		{706AA0FF-34F0-48DA-BE7B-684BA9E675B7}.Debug|x64.Build.0 = Debug|x64
		{706AA0FF-34F0-48DA-BE7B-684BA9E675B7}.Debug|x86.ActiveCfg = Debug|Win32
		{706AA0FF-34F0-48DA-BE7B-684BA9E675B7}.Debug|x86.Build.0 = Debug|Win32
		{706AA0FF-34F0-48DA-BE7B-684BA9E675B7}.Release|x64.ActiveCfg = Release|x64
		{706AA0FF-34F0-48DA-BE7B-684BA9E675B7}.Release|x64.Build.0 = Release|x64
		{706AA0FF-34F0-48DA-BE7B-684BA9E675B7}.Release|x86.ActiveCfg = Release|Win32
		{706AA0FF-34F0-48DA-BE7B-684BA9E675B7}.Release|x86.Build.0 = Release|Win32
	EndGlobalSection
	GlobalSection(SolutionProperties) = preSolution
		HideSolutionNode = FALSE
	EndGlobalSection
	GlobalSection(ExtensibilityGlobals) = postSolution
		SolutionGuid = {D279A0D2-5A6F-47CB-B2C5-057EB65747C9}
	EndGlobalSection
EndGlobal
